{
    "_readme": [
        "This file locks the dependencies of your project to a known state",
        "Read more about it at https://getcomposer.org/doc/01-basic-usage.md#composer-lock-the-lock-file",
        "This file is @generated automatically"
    ],
    "hash": "5219196c1a1a3cf18262e063ea79e0e8",
    "packages": [
        {
            "name": "bower-asset/bootstrap",
            "version": "v3.3.4",
            "source": {
                "type": "git",
                "url": "https://github.com/twbs/bootstrap.git",
                "reference": "a10eb60bc0b07b747fa0c4ebd8821eb7307bd07f"
            },
            "dist": {
                "type": "zip",
                "url": "https://api.github.com/repos/twbs/bootstrap/zipball/a10eb60bc0b07b747fa0c4ebd8821eb7307bd07f",
                "reference": "a10eb60bc0b07b747fa0c4ebd8821eb7307bd07f",
                "shasum": ""
            },
            "require": {
                "bower-asset/jquery": ">=1.9.1"
            },
            "type": "bower-asset-library",
            "extra": {
                "bower-asset-main": [
                    "less/bootstrap.less",
                    "dist/css/bootstrap.css",
                    "dist/js/bootstrap.js",
                    "dist/fonts/glyphicons-halflings-regular.eot",
                    "dist/fonts/glyphicons-halflings-regular.svg",
                    "dist/fonts/glyphicons-halflings-regular.ttf",
                    "dist/fonts/glyphicons-halflings-regular.woff",
                    "dist/fonts/glyphicons-halflings-regular.woff2"
                ],
                "bower-asset-ignore": [
                    "/.*",
                    "_config.yml",
                    "CNAME",
                    "composer.json",
                    "CONTRIBUTING.md",
                    "docs",
                    "js/tests",
                    "test-infra"
                ]
            },
            "description": "The most popular front-end framework for developing responsive, mobile first projects on the web.",
            "keywords": [
                "css",
                "framework",
                "front-end",
                "js",
                "less",
                "mobile-first",
                "responsive",
                "web"
            ]
        },
        {
            "name": "bower-asset/components-font-awesome",
            "version": "4.3.0",
            "source": {
                "type": "git",
                "url": "https://github.com/components/font-awesome.git",
                "reference": "73acf4d65eadd8d127bafc7bd510240ea3979e83"
            },
            "dist": {
                "type": "zip",
                "url": "https://api.github.com/repos/components/font-awesome/zipball/73acf4d65eadd8d127bafc7bd510240ea3979e83",
                "reference": "73acf4d65eadd8d127bafc7bd510240ea3979e83",
                "shasum": ""
            },
            "type": "bower-asset-library",
            "extra": {
                "bower-asset-main": [
                    "css/font-awesome.css",
                    "scss/font-awesome.scss",
                    "fonts/fontawesome-webfont.eot",
                    "fonts/fontawesome-webfont.woff",
                    "fonts/fontawesome-webfont.ttf",
                    "fonts/fontawesome-webfont.svg"
                ],
                "bower-asset-ignore": [
                    "Makefile",
                    "component.json",
                    "composer.json"
                ]
            },
            "license": [
                "MIT",
                "OFL-1.1"
            ],
            "description": "Font Awesome, the iconic font designed for use with Twitter Bootstrap."
        },
        {
            "name": "bower-asset/jquery",
            "version": "2.1.4",
            "source": {
                "type": "git",
                "url": "https://github.com/jquery/jquery.git",
                "reference": "7751e69b615c6eca6f783a81e292a55725af6b85"
            },
            "dist": {
                "type": "zip",
                "url": "https://api.github.com/repos/jquery/jquery/zipball/7751e69b615c6eca6f783a81e292a55725af6b85",
                "reference": "7751e69b615c6eca6f783a81e292a55725af6b85",
                "shasum": ""
            },
            "require-dev": {
                "bower-asset/qunit": "1.14.0",
                "bower-asset/requirejs": "2.1.10",
                "bower-asset/sinon": "1.8.1",
                "bower-asset/sizzle": "2.1.1-patch2"
            },
            "type": "bower-asset-library",
            "extra": {
                "bower-asset-main": "dist/jquery.js",
                "bower-asset-ignore": [
                    "**/.*",
                    "build",
                    "dist/cdn",
                    "speed",
                    "test",
                    "*.md",
                    "AUTHORS.txt",
                    "Gruntfile.js",
                    "package.json"
                ]
            },
            "license": [
                "MIT"
            ],
            "keywords": [
                "javascript",
                "jquery",
                "library"
            ]
        },
        {
            "name": "bower-asset/jquery-ui",
            "version": "1.11.4",
            "source": {
                "type": "git",
                "url": "https://github.com/components/jqueryui.git",
                "reference": "c34f8dbf3ba57b3784b93f26119f436c0e8288e1"
            },
            "dist": {
                "type": "zip",
                "url": "https://api.github.com/repos/components/jqueryui/zipball/c34f8dbf3ba57b3784b93f26119f436c0e8288e1",
                "reference": "c34f8dbf3ba57b3784b93f26119f436c0e8288e1",
                "shasum": ""
            },
            "require": {
                "bower-asset/jquery": ">=1.6"
            },
            "type": "bower-asset-library",
            "extra": {
                "bower-asset-main": [
                    "jquery-ui.js"
                ],
                "bower-asset-ignore": []
            }
        },
        {
            "name": "bower-asset/jquery-validation",
            "version": "1.13.1",
            "source": {
                "type": "git",
                "url": "https://github.com/jzaefferer/jquery-validation.git",
                "reference": "91f9b8a8597ae8f8164671aadf5a8ed7eefcf4e4"
            },
            "dist": {
                "type": "zip",
                "url": "https://api.github.com/repos/jzaefferer/jquery-validation/zipball/91f9b8a8597ae8f8164671aadf5a8ed7eefcf4e4",
                "reference": "91f9b8a8597ae8f8164671aadf5a8ed7eefcf4e4",
                "shasum": ""
            },
            "require": {
                "bower-asset/jquery": ">=1.6.4"
            },
            "type": "bower-asset-library",
            "extra": {
                "bower-asset-main": "dist/jquery.validate.js",
                "bower-asset-ignore": [
                    "**/.*",
                    "node_modules",
                    "bower_components",
                    "test",
                    "demo",
                    "lib"
                ]
            },
            "license": [
                "MIT"
            ],
            "description": "Form validation made easy",
            "keywords": [
                "forms",
                "validate",
                "validation"
            ]
        },
        {
            "name": "danielstjules/stringy",
            "version": "1.9.0",
            "source": {
                "type": "git",
                "url": "https://github.com/danielstjules/Stringy.git",
                "reference": "3cf18e9e424a6dedc38b7eb7ef580edb0929461b"
            },
            "dist": {
                "type": "zip",
                "url": "https://api.github.com/repos/danielstjules/Stringy/zipball/3cf18e9e424a6dedc38b7eb7ef580edb0929461b",
                "reference": "3cf18e9e424a6dedc38b7eb7ef580edb0929461b",
                "shasum": ""
            },
            "require": {
                "ext-mbstring": "*",
                "php": ">=5.3.0"
            },
            "require-dev": {
                "phpunit/phpunit": "~4.0"
            },
            "type": "library",
            "autoload": {
                "psr-4": {
                    "Stringy\\": "src/"
                },
                "files": [
                    "src/Create.php"
                ]
            },
            "notification-url": "https://packagist.org/downloads/",
            "license": [
                "MIT"
            ],
            "authors": [
                {
                    "name": "Daniel St. Jules",
                    "email": "danielst.jules@gmail.com",
                    "homepage": "http://www.danielstjules.com"
                }
            ],
            "description": "A string manipulation library with multibyte support",
            "homepage": "https://github.com/danielstjules/Stringy",
            "keywords": [
                "UTF",
                "helpers",
                "manipulation",
                "methods",
                "multibyte",
                "string",
                "utf-8",
                "utility",
                "utils"
            ],
            "time": "2015-02-10 06:19:18"
        },
        {
            "name": "dflydev/dot-access-data",
            "version": "dev-master",
            "source": {
                "type": "git",
                "url": "https://github.com/dflydev/dflydev-dot-access-data.git",
                "reference": "e66b3b0d06e204af9e2ff1e06d228f0a527855e7"
            },
            "dist": {
                "type": "zip",
                "url": "https://api.github.com/repos/dflydev/dflydev-dot-access-data/zipball/e66b3b0d06e204af9e2ff1e06d228f0a527855e7",
                "reference": "e66b3b0d06e204af9e2ff1e06d228f0a527855e7",
                "shasum": ""
            },
            "require": {
                "php": ">=5.3.2"
            },
            "type": "library",
            "extra": {
                "branch-alias": {
                    "dev-master": "1.0-dev"
                }
            },
            "autoload": {
                "psr-0": {
                    "Dflydev\\DotAccessData": "src"
                }
            },
            "notification-url": "https://packagist.org/downloads/",
            "license": [
                "MIT"
            ],
            "authors": [
                {
                    "name": "Dragonfly Development Inc.",
                    "email": "info@dflydev.com",
                    "homepage": "http://dflydev.com"
                },
                {
                    "name": "Beau Simensen",
                    "email": "beau@dflydev.com",
                    "homepage": "http://beausimensen.com"
                }
            ],
            "description": "Given a deep data structure, access data by dot notation.",
            "homepage": "https://github.com/dflydev/dflydev-dot-access-data",
            "keywords": [
                "access",
                "data",
                "dot",
                "notation"
            ],
            "time": "2015-03-17 13:52:51"
        },
        {
            "name": "doctrine/inflector",
            "version": "dev-master",
            "source": {
                "type": "git",
                "url": "https://github.com/doctrine/inflector.git",
                "reference": "e5eaf8c7ded0877195b5d2848491e17b1c0a6c4d"
            },
            "dist": {
                "type": "zip",
                "url": "https://api.github.com/repos/doctrine/inflector/zipball/e5eaf8c7ded0877195b5d2848491e17b1c0a6c4d",
                "reference": "e5eaf8c7ded0877195b5d2848491e17b1c0a6c4d",
                "shasum": ""
            },
            "require": {
                "php": ">=5.3.2"
            },
            "require-dev": {
                "phpunit/phpunit": "4.*"
            },
            "type": "library",
            "extra": {
                "branch-alias": {
                    "dev-master": "1.0.x-dev"
                }
            },
            "autoload": {
                "psr-0": {
                    "Doctrine\\Common\\Inflector\\": "lib/"
                }
            },
            "notification-url": "https://packagist.org/downloads/",
            "license": [
                "MIT"
            ],
            "authors": [
                {
                    "name": "Roman Borschel",
                    "email": "roman@code-factory.org"
                },
                {
                    "name": "Benjamin Eberlei",
                    "email": "kontakt@beberlei.de"
                },
                {
                    "name": "Guilherme Blanco",
                    "email": "guilhermeblanco@gmail.com"
                },
                {
                    "name": "Jonathan Wage",
                    "email": "jonwage@gmail.com"
                },
                {
                    "name": "Johannes Schmitt",
                    "email": "schmittjoh@gmail.com"
                }
            ],
            "description": "Common String Manipulations with regard to casing and singular/plural rules.",
            "homepage": "http://www.doctrine-project.org",
            "keywords": [
                "inflection",
                "pluralize",
                "singularize",
                "string"
            ],
            "time": "2015-01-01 18:34:57"
        },
        {
            "name": "ezyang/htmlpurifier",
            "version": "v4.6.0",
            "source": {
                "type": "git",
                "url": "https://github.com/ezyang/htmlpurifier.git",
                "reference": "6f389f0f25b90d0b495308efcfa073981177f0fd"
            },
            "dist": {
                "type": "zip",
                "url": "https://api.github.com/repos/ezyang/htmlpurifier/zipball/6f389f0f25b90d0b495308efcfa073981177f0fd",
                "reference": "6f389f0f25b90d0b495308efcfa073981177f0fd",
                "shasum": ""
            },
            "require": {
                "php": ">=5.2"
            },
            "type": "library",
            "autoload": {
                "psr-0": {
                    "HTMLPurifier": "library/"
                },
                "files": [
                    "library/HTMLPurifier.composer.php"
                ]
            },
            "notification-url": "https://packagist.org/downloads/",
            "license": [
                "LGPL"
            ],
            "authors": [
                {
                    "name": "Edward Z. Yang",
                    "email": "admin@htmlpurifier.org",
                    "homepage": "http://ezyang.com"
                }
            ],
            "description": "Standards compliant HTML filter written in PHP",
            "homepage": "http://htmlpurifier.org/",
            "keywords": [
                "html"
            ],
            "time": "2013-11-30 08:25:19"
        },
        {
            "name": "gregwar/cache",
            "version": "v1.0.10",
            "target-dir": "Gregwar/Cache",
            "source": {
                "type": "git",
                "url": "https://github.com/Gregwar/Cache.git",
                "reference": "0a1a02e4943e95f491b3d2395609247385975622"
            },
            "dist": {
                "type": "zip",
                "url": "https://api.github.com/repos/Gregwar/Cache/zipball/0a1a02e4943e95f491b3d2395609247385975622",
                "reference": "0a1a02e4943e95f491b3d2395609247385975622",
                "shasum": ""
            },
            "require": {
                "php": ">=5.3"
            },
            "type": "library",
            "autoload": {
                "psr-0": {
                    "Gregwar\\Cache": ""
                }
            },
            "notification-url": "https://packagist.org/downloads/",
            "license": [
                "MIT"
            ],
            "authors": [
                {
                    "name": "Gregwar",
                    "email": "g.passault@gmail.com"
                }
            ],
            "description": "A lightweight file-system cache system",
            "keywords": [
                "cache",
                "caching",
                "file-system",
                "system"
            ],
            "time": "2014-09-24 11:23:30"
        },
        {
            "name": "gregwar/image",
            "version": "v2.0.19",
            "target-dir": "Gregwar/Image",
            "source": {
                "type": "git",
                "url": "https://github.com/Gregwar/Image.git",
                "reference": "8faeedfc211162bef5cddc93bea58700c32e06f6"
            },
            "dist": {
                "type": "zip",
                "url": "https://api.github.com/repos/Gregwar/Image/zipball/8faeedfc211162bef5cddc93bea58700c32e06f6",
                "reference": "8faeedfc211162bef5cddc93bea58700c32e06f6",
                "shasum": ""
            },
            "require": {
                "ext-gd": "*",
                "gregwar/cache": "1.*",
                "php": ">=5.3.0"
            },
            "suggest": {
                "behat/transliterator": "Transliterator provides ability to set non-latin1 pretty names"
            },
            "type": "library",
            "autoload": {
                "psr-0": {
                    "Gregwar\\Image": ""
                }
            },
            "notification-url": "https://packagist.org/downloads/",
            "license": [
                "MIT"
            ],
            "authors": [
                {
                    "name": "Grégoire Passault",
                    "email": "g.passault@gmail.com",
                    "homepage": "http://www.gregwar.com/"
                }
            ],
            "description": "Image handling",
            "homepage": "https://github.com/Gregwar/Image",
            "keywords": [
                "gd",
                "image"
            ],
            "time": "2015-02-03 16:44:33"
        },
        {
            "name": "illuminate/container",
            "version": "5.1.x-dev",
            "source": {
                "type": "git",
                "url": "https://github.com/illuminate/container.git",
                "reference": "112db26a92fcca35b9699743a738361bb7dfde3e"
            },
            "dist": {
                "type": "zip",
                "url": "https://api.github.com/repos/illuminate/container/zipball/112db26a92fcca35b9699743a738361bb7dfde3e",
                "reference": "112db26a92fcca35b9699743a738361bb7dfde3e",
                "shasum": ""
            },
            "require": {
                "illuminate/contracts": "5.1.*",
                "php": ">=5.5.9"
            },
            "type": "library",
            "extra": {
                "branch-alias": {
                    "dev-master": "5.1-dev"
                }
            },
            "autoload": {
                "psr-4": {
                    "Illuminate\\Container\\": ""
                }
            },
            "notification-url": "https://packagist.org/downloads/",
            "license": [
                "MIT"
            ],
            "authors": [
                {
                    "name": "Taylor Otwell",
                    "email": "taylorotwell@gmail.com"
                }
            ],
            "description": "The Illuminate Container package.",
            "homepage": "http://laravel.com",
            "time": "2015-06-04 16:52:35"
        },
        {
            "name": "illuminate/contracts",
            "version": "5.1.x-dev",
            "source": {
                "type": "git",
                "url": "https://github.com/illuminate/contracts.git",
                "reference": "a0955f959d65e055bcf428cfe8b9815e8628b656"
            },
            "dist": {
                "type": "zip",
                "url": "https://api.github.com/repos/illuminate/contracts/zipball/a0955f959d65e055bcf428cfe8b9815e8628b656",
                "reference": "a0955f959d65e055bcf428cfe8b9815e8628b656",
                "shasum": ""
            },
            "require": {
                "php": ">=5.5.9"
            },
            "type": "library",
            "extra": {
                "branch-alias": {
                    "dev-master": "5.1-dev"
                }
            },
            "autoload": {
                "psr-4": {
                    "Illuminate\\Contracts\\": ""
                }
            },
            "notification-url": "https://packagist.org/downloads/",
            "license": [
                "MIT"
            ],
            "authors": [
                {
                    "name": "Taylor Otwell",
                    "email": "taylorotwell@gmail.com"
                }
            ],
            "description": "The Illuminate Contracts package.",
            "homepage": "http://laravel.com",
            "time": "2015-06-04 16:52:35"
        },
        {
            "name": "illuminate/database",
            "version": "5.1.x-dev",
            "source": {
                "type": "git",
                "url": "https://github.com/illuminate/database.git",
                "reference": "d8d848426407820cd7a6c3d420825ab0fdc466d0"
            },
            "dist": {
                "type": "zip",
                "url": "https://api.github.com/repos/illuminate/database/zipball/d8d848426407820cd7a6c3d420825ab0fdc466d0",
                "reference": "d8d848426407820cd7a6c3d420825ab0fdc466d0",
                "shasum": ""
            },
            "require": {
                "illuminate/container": "5.1.*",
                "illuminate/contracts": "5.1.*",
                "illuminate/support": "5.1.*",
                "nesbot/carbon": "~1.19",
                "php": ">=5.5.9"
            },
            "suggest": {
                "doctrine/dbal": "Required to rename columns and drop SQLite columns (~2.4).",
                "fzaninotto/faker": "Required to use the eloquent factory builder (~1.4).",
                "illuminate/console": "Required to use the database commands (5.1.*).",
                "illuminate/events": "Required to use the observers with Eloquent (5.1.*).",
                "illuminate/filesystem": "Required to use the migrations (5.1.*)."
            },
            "type": "library",
            "extra": {
                "branch-alias": {
                    "dev-master": "5.1-dev"
                }
            },
            "autoload": {
                "psr-4": {
                    "Illuminate\\Database\\": ""
                }
            },
            "notification-url": "https://packagist.org/downloads/",
            "license": [
                "MIT"
            ],
            "authors": [
                {
                    "name": "Taylor Otwell",
                    "email": "taylorotwell@gmail.com"
                }
            ],
            "description": "The Illuminate Database package.",
            "homepage": "http://laravel.com",
            "keywords": [
                "database",
                "laravel",
                "orm",
                "sql"
            ],
            "time": "2015-06-06 02:00:53"
        },
        {
            "name": "illuminate/support",
            "version": "5.1.x-dev",
            "source": {
                "type": "git",
                "url": "https://github.com/illuminate/support.git",
                "reference": "2b39cbe0d8edc052211f9c577acf4dede08f665d"
            },
            "dist": {
                "type": "zip",
                "url": "https://api.github.com/repos/illuminate/support/zipball/2b39cbe0d8edc052211f9c577acf4dede08f665d",
                "reference": "2b39cbe0d8edc052211f9c577acf4dede08f665d",
                "shasum": ""
            },
            "require": {
                "danielstjules/stringy": "~1.8",
                "doctrine/inflector": "~1.0",
                "ext-mbstring": "*",
                "illuminate/contracts": "5.1.*",
                "php": ">=5.5.9"
            },
            "suggest": {
                "jeremeamia/superclosure": "Required to be able to serialize closures (~2.0).",
                "symfony/var-dumper": "Required to use the dd function (2.7.*)."
            },
            "type": "library",
            "extra": {
                "branch-alias": {
                    "dev-master": "5.1-dev"
                }
            },
            "autoload": {
                "psr-4": {
                    "Illuminate\\Support\\": ""
                },
                "files": [
                    "helpers.php"
                ]
            },
            "notification-url": "https://packagist.org/downloads/",
            "license": [
                "MIT"
            ],
            "authors": [
                {
                    "name": "Taylor Otwell",
                    "email": "taylorotwell@gmail.com"
                }
            ],
            "description": "The Illuminate Support package.",
            "homepage": "http://laravel.com",
            "time": "2015-06-05 13:06:26"
        },
        {
            "name": "maximebf/debugbar",
            "version": "dev-master",
            "source": {
                "type": "git",
                "url": "https://github.com/maximebf/php-debugbar.git",
                "reference": "0d1fcdd087843cf1eba9927295254bc707eab7dc"
            },
            "dist": {
                "type": "zip",
                "url": "https://api.github.com/repos/maximebf/php-debugbar/zipball/8a3f05819458fb42a52be9144b1886cf77e41787",
                "reference": "0d1fcdd087843cf1eba9927295254bc707eab7dc",
                "shasum": ""
            },
            "require": {
                "php": ">=5.3.0",
                "psr/log": "~1.0",
                "symfony/var-dumper": "~2.6"
            },
            "require-dev": {
                "phpunit/phpunit": "~4.0"
            },
            "suggest": {
                "kriswallsmith/assetic": "The best way to manage assets",
                "monolog/monolog": "Log using Monolog",
                "predis/predis": "Redis storage"
            },
            "type": "library",
            "extra": {
                "branch-alias": {
                    "dev-master": "1.10-dev"
                }
            },
            "autoload": {
                "psr-0": {
                    "DebugBar": "src/"
                }
            },
            "notification-url": "https://packagist.org/downloads/",
            "license": [
                "MIT"
            ],
            "authors": [
                {
                    "name": "Maxime Bouroumeau-Fuseau",
                    "email": "maxime.bouroumeau@gmail.com",
                    "homepage": "http://maximebf.com"
                }
            ],
            "description": "Debug bar in the browser for php application",
            "homepage": "https://github.com/maximebf/php-debugbar",
            "keywords": [
                "debug"
            ],
            "time": "2015-04-21 11:06:08"
        },
        {
            "name": "nesbot/carbon",
            "version": "1.19.0",
            "source": {
                "type": "git",
                "url": "https://github.com/briannesbitt/Carbon.git",
                "reference": "68868e0b02d2d803d0052a59d4e5003cccf87320"
            },
            "dist": {
                "type": "zip",
                "url": "https://api.github.com/repos/briannesbitt/Carbon/zipball/68868e0b02d2d803d0052a59d4e5003cccf87320",
                "reference": "68868e0b02d2d803d0052a59d4e5003cccf87320",
                "shasum": ""
            },
            "require": {
                "php": ">=5.3.0",
                "symfony/translation": "~2.6"
            },
            "require-dev": {
                "phpunit/phpunit": "~4.0"
            },
            "type": "library",
            "autoload": {
                "psr-0": {
                    "Carbon": "src"
                }
            },
            "notification-url": "https://packagist.org/downloads/",
            "license": [
                "MIT"
            ],
            "authors": [
                {
                    "name": "Brian Nesbitt",
                    "email": "brian@nesbot.com",
                    "homepage": "http://nesbot.com"
                }
            ],
            "description": "A simple API extension for DateTime.",
            "homepage": "http://carbon.nesbot.com",
            "keywords": [
                "date",
                "datetime",
                "time"
            ],
            "time": "2015-05-09 03:23:44"
        },
        {
            "name": "phpffcms/ffcms-console",
            "version": "dev-master",
            "source": {
                "type": "git",
                "url": "https://github.com/phpffcms/ffcms-console.git",
                "reference": "a5e36d0f3213431a7e5a6b61f51adea74e04438d"
            },
            "dist": {
                "type": "zip",
                "url": "https://api.github.com/repos/phpffcms/ffcms-console/zipball/4332ac385fe6230498be707dab31bac850f15e71",
                "reference": "a5e36d0f3213431a7e5a6b61f51adea74e04438d",
                "shasum": ""
            },
            "require": {
                "php": ">=5.4",
                "phpffcms/ffcms-core": "dev-master"
            },
            "type": "library",
            "autoload": {
                "psr-0": {
                    "Ffcms\\": "src/"
                }
            },
            "notification-url": "https://packagist.org/downloads/",
            "license": [
                "MIT"
            ],
            "authors": [
                {
                    "name": "Pyatinskyi M.M.",
                    "email": "zenn1989@gmail.com",
                    "homepage": "http://ffcms.ru"
                }
            ],
            "description": "Console mini-core package for FFCMS 3 version",
            "homepage": "http://ffcms.org",
            "keywords": [
                "console",
                "ffcms",
                "php"
            ],
            "time": "2015-05-20 14:29:39"
        },
        {
            "name": "phpffcms/ffcms-core",
            "version": "dev-master",
            "source": {
                "type": "git",
                "url": "https://github.com/phpffcms/ffcms-core.git",
                "reference": "b89fb8153869b3a55e0ee1fb99f3ecdb9e8cbed1"
            },
            "dist": {
                "type": "zip",
                "url": "https://api.github.com/repos/phpffcms/ffcms-core/zipball/da16505f5f2d20bccbe9abd0500a5115aff17d9e",
                "reference": "b89fb8153869b3a55e0ee1fb99f3ecdb9e8cbed1",
                "shasum": ""
            },
            "require": {
                "ezyang/htmlpurifier": "4.6.*",
                "illuminate/database": "5.*",
                "maximebf/debugbar": "1.*",
                "php": ">=5.4",
                "symfony/http-foundation": "2.6.6"
            },
            "type": "library",
            "autoload": {
                "psr-0": {
                    "Ffcms\\": "src/"
                }
            },
            "notification-url": "https://packagist.org/downloads/",
            "license": [
                "MIT"
            ],
            "authors": [
                {
                    "name": "Pyatinskyi M.M.",
                    "email": "zenn1989@gmail.com",
                    "homepage": "http://ffcms.ru"
                }
            ],
            "description": "Core package for FFCMS 3 version",
            "homepage": "http://ffcms.org",
            "keywords": [
                "framework",
                "mvc",
                "php"
            ],
            "time": "2015-05-20 08:18:58"
        },
        {
            "name": "phpffcms/ffcms-elfinder",
            "version": "dev-master",
            "source": {
                "type": "git",
                "url": "https://github.com/phpffcms/ffcms-elfinder.git",
                "reference": "b08c3f69dcdbc14d498249de12c3ce901fbce253"
            },
            "dist": {
                "type": "zip",
                "url": "https://api.github.com/repos/phpffcms/ffcms-elfinder/zipball/b08c3f69dcdbc14d498249de12c3ce901fbce253",
                "reference": "b08c3f69dcdbc14d498249de12c3ce901fbce253",
                "shasum": ""
            },
            "type": "library",
            "autoload": {
                "classmap": [
                    "php"
                ]
            },
            "notification-url": "https://packagist.org/downloads/",
            "license": [
                "BSD-3-Clause"
            ],
            "description": "Builder versions of elfinder for ffcms 3",
            "keywords": [
                "JS",
                "ffcms",
                "file",
                "manager"
            ],
            "time": "2015-06-06 17:24:35"
        },
        {
            "name": "psr/log",
            "version": "dev-master",
            "source": {
                "type": "git",
                "url": "https://github.com/php-fig/log.git",
                "reference": "bf2c13de4300e227d7b2fd08027673a79c519987"
            },
            "dist": {
                "type": "zip",
                "url": "https://api.github.com/repos/php-fig/log/zipball/9e45edca52cc9c954680072c93e621f8b71fab26",
                "reference": "bf2c13de4300e227d7b2fd08027673a79c519987",
                "shasum": ""
            },
            "type": "library",
            "extra": {
                "branch-alias": {
                    "dev-master": "1.0.x-dev"
                }
            },
            "autoload": {
                "psr-4": {
                    "Psr\\Log\\": "Psr/Log/"
                }
            },
            "notification-url": "https://packagist.org/downloads/",
            "license": [
                "MIT"
            ],
            "authors": [
                {
                    "name": "PHP-FIG",
                    "homepage": "http://www.php-fig.org/"
                }
            ],
            "description": "Common interface for logging libraries",
            "keywords": [
                "log",
                "psr",
                "psr-3"
            ],
            "time": "2015-03-26 14:39:45"
        },
        {
            "name": "symfony/http-foundation",
            "version": "v2.6.6",
            "target-dir": "Symfony/Component/HttpFoundation",
            "source": {
                "type": "git",
                "url": "https://github.com/symfony/HttpFoundation.git",
                "reference": "8a6337233f08f7520de97f4ffd6f00e947d892f9"
            },
            "dist": {
                "type": "zip",
                "url": "https://api.github.com/repos/symfony/HttpFoundation/zipball/8a6337233f08f7520de97f4ffd6f00e947d892f9",
                "reference": "8a6337233f08f7520de97f4ffd6f00e947d892f9",
                "shasum": ""
            },
            "require": {
                "php": ">=5.3.3"
            },
            "require-dev": {
                "symfony/expression-language": "~2.4",
                "symfony/phpunit-bridge": "~2.7"
            },
            "type": "library",
            "extra": {
                "branch-alias": {
                    "dev-master": "2.6-dev"
                }
            },
            "autoload": {
                "psr-0": {
                    "Symfony\\Component\\HttpFoundation\\": ""
                },
                "classmap": [
                    "Symfony/Component/HttpFoundation/Resources/stubs"
                ]
            },
            "notification-url": "https://packagist.org/downloads/",
            "license": [
                "MIT"
            ],
            "authors": [
                {
                    "name": "Symfony Community",
                    "homepage": "http://symfony.com/contributors"
                },
                {
                    "name": "Fabien Potencier",
                    "email": "fabien@symfony.com"
                }
            ],
            "description": "Symfony HttpFoundation Component",
            "homepage": "http://symfony.com",
            "time": "2015-04-01 16:50:12"
        },
        {
            "name": "symfony/translation",
            "version": "2.8.x-dev",
            "source": {
                "type": "git",
                "url": "https://github.com/symfony/Translation.git",
                "reference": "a0735db452c5e592cb742333a32c6634a6d1ece1"
            },
            "dist": {
                "type": "zip",
                "url": "https://api.github.com/repos/symfony/Translation/zipball/fa1c9e185b7addf06571be1ffcbaa27afea7fe9a",
                "reference": "a0735db452c5e592cb742333a32c6634a6d1ece1",
                "shasum": ""
            },
            "require": {
                "php": ">=5.3.9"
            },
            "conflict": {
                "symfony/config": "<2.7"
            },
            "require-dev": {
                "psr/log": "~1.0",
                "symfony/config": "~2.7",
                "symfony/intl": "~2.3|~3.0.0",
                "symfony/phpunit-bridge": "~2.7|~3.0.0",
                "symfony/yaml": "~2.2|~3.0.0"
            },
            "suggest": {
                "psr/log": "To use logging capability in translator",
                "symfony/config": "",
                "symfony/yaml": ""
            },
            "type": "library",
            "extra": {
                "branch-alias": {
                    "dev-master": "2.8-dev"
                }
            },
            "autoload": {
                "psr-4": {
                    "Symfony\\Component\\Translation\\": ""
                }
            },
            "notification-url": "https://packagist.org/downloads/",
            "license": [
                "MIT"
            ],
            "authors": [
                {
                    "name": "Fabien Potencier",
                    "email": "fabien@symfony.com"
                },
                {
                    "name": "Symfony Community",
                    "homepage": "https://symfony.com/contributors"
                }
            ],
            "description": "Symfony Translation Component",
            "homepage": "https://symfony.com",
            "time": "2015-05-15 14:11:12"
        },
        {
            "name": "symfony/var-dumper",
            "version": "2.8.x-dev",
            "source": {
                "type": "git",
                "url": "https://github.com/symfony/var-dumper.git",
                "reference": "5b0473622df3e313509b8771356eefa8b29bdc74"
            },
            "dist": {
                "type": "zip",
                "url": "https://api.github.com/repos/symfony/var-dumper/zipball/e36bb1114f11741b2ca7b8b479175674646b33f8",
                "reference": "5b0473622df3e313509b8771356eefa8b29bdc74",
                "shasum": ""
            },
            "require": {
                "php": ">=5.3.9"
            },
            "require-dev": {
                "symfony/phpunit-bridge": "~2.7|~3.0.0"
            },
            "suggest": {
                "ext-symfony_debug": ""
            },
            "type": "library",
            "extra": {
                "branch-alias": {
                    "dev-master": "2.8-dev"
                }
            },
            "autoload": {
                "files": [
                    "Resources/functions/dump.php"
                ],
                "psr-4": {
                    "Symfony\\Component\\VarDumper\\": ""
                }
            },
            "notification-url": "https://packagist.org/downloads/",
            "license": [
                "MIT"
            ],
            "authors": [
                {
                    "name": "Nicolas Grekas",
                    "email": "p@tchwork.com"
                },
                {
                    "name": "Symfony Community",
                    "homepage": "https://symfony.com/contributors"
                }
            ],
            "description": "Symfony mechanism for exploring and dumping PHP variables",
            "homepage": "https://symfony.com",
            "keywords": [
                "debug",
                "dump"
            ],
            "time": "2015-05-12 15:16:46"
        }
    ],
    "packages-dev": [],
    "aliases": [],
    "minimum-stability": "dev",
    "stability-flags": {
        "phpffcms/ffcms-core": 20,
        "phpffcms/ffcms-console": 20,
        "bower-asset/jquery-validation": 0,
        "bower-asset/jquery-ui": 0,
        "bower-asset/components-font-awesome": 0
    },
    "prefer-stable": false,
    "prefer-lowest": false,
    "platform": {
        "php": ">=5.4"
    },
    "platform-dev": []
}
